
Microsoft Visual Studio Solution File, Format Version 12.00
# Visual Studio Version 16
VisualStudioVersion = 16.0.810.2
MinimumVisualStudioVersion = 10.0.40219.1
Project("{FAE04EC0-301F-11D3-BF4B-00C04F79EFBC}") = "BLApp", "BLApp\BLApp.csproj", "{57A04E12-741A-45AD-A352-9F41F7DA1588}"
EndProject
Global
	GlobalSection(SolutionConfigurationPlatforms) = preSolution
		Debug|Any CPU = Debug|Any CPU
		Release|Any CPU = Release|Any CPU
	EndGlobalSection
	GlobalSection(ProjectConfigurationPlatforms) = postSolution
		{57A04E12-741A-45AD-A352-9F41F7DA1588}.Debug|Any CPU.ActiveCfg = Debug|Any CPU
		{57A04E12-741A-45AD-A352-9F41F7DA1588}.Debug|Any CPU.Build.0 = Debug|Any CPU
		{57A04E12-741A-45AD-A352-9F41F7DA1588}.Release|Any CPU.ActiveCfg = Release|Any CPU
		{57A04E12-741A-45AD-A352-9F41F7DA1588}.Release|Any CPU.Build.0 = Release|Any CPU
	EndGlobalSection
	GlobalSection(SolutionProperties) = preSolution
		HideSolutionNode = FALSE
	EndGlobalSection
	GlobalSection(ExtensibilityGlobals) = postSolution
		SolutionGuid = {B95EF342-6431-4A30-8EB3-F9E08DA13444}
	EndGlobalSection
EndGlobal
